{
    "_readme": [
        "This file locks the dependencies of your project to a known state",
        "Read more about it at https://getcomposer.org/doc/01-basic-usage.md#installing-dependencies",
        "This file is @generated automatically"
    ],
    "content-hash": "ec918aca9770ca726b8ab3bdbfba53f7",
    "packages": [],
    "packages-dev": [
        {
            "name": "stevekanger/sk-php-cs-fixers",
            "version": "v0.1.2",
            "source": {
                "type": "git",
                "url": "https://github.com/stevekanger/sk-php-cs-fixers.git",
                "reference": "fb887b46442999d1aee4bf36a19fcd4a4b7e9f53"
            },
            "dist": {
                "type": "zip",
                "url": "https://api.github.com/repos/stevekanger/sk-php-cs-fixers/zipball/fb887b46442999d1aee4bf36a19fcd4a4b7e9f53",
                "reference": "fb887b46442999d1aee4bf36a19fcd4a4b7e9f53",
                "shasum": ""
            },
            "require": {
                "php": ">=8.3"
            },
            "require-dev": {
                "friendsofphp/php-cs-fixer": "^3.95",
                "php-cs-fixer/phpunit-constraint-isidenticalstring": "^1.8",
                "phpunit/phpunit": "^9.6.34 || ^10.5.63 || ^11.5.55"
            },
            "type": "library",
            "autoload": {
                "psr-4": {
                    "SkPhpCsFixers\\": "src/"
                }
            },
            "notification-url": "https://packagist.org/downloads/",
            "license": [
                "MIT"
            ],
            "authors": [
                {
                    "name": "stevekanger",
                    "email": "dev.stevekanger@gmail.com"
                }
            ],
            "description": "Custom fixers for php-cs-fixer.",
            "support": {
                "issues": "https://github.com/stevekanger/sk-php-cs-fixers/issues",
                "source": "https://github.com/stevekanger/sk-php-cs-fixers/tree/v0.1.2"
            },
            "time": "2026-08-04T21:41:20+00:00"
        }
    ],
    "aliases": [],
    "minimum-stability": "stable",
    "stability-flags": {},
    "prefer-stable": false,
    "prefer-lowest": false,
    "platform": {
        "php": ">=8.3"
    },
    "platform-dev": {},
    "plugin-api-version": "2.9.0"
}
